
Microsoft Visual Studio Solution File, Format Version 12.00
# Visual Studio Version 17
VisualStudioVersion = 17.6.33829.357
MinimumVisualStudioVersion = 10.0.40219.1
Project("{FAE04EC0-301F-11D3-BF4B-00C04F79EFBC}") = "MatrixMultiplyC#", "MatrixMultiplyC#\MatrixMultiplyC#.csproj", "{CCA86D3A-C099-4E85-8127-DD1C4015AF2E}"
EndProject
Global
	GlobalSection(SolutionConfigurationPlatforms) = preSolution
		Debug|Any CPU = Debug|Any CPU
		Release|Any CPU = Release|Any CPU
	EndGlobalSection
	GlobalSection(ProjectConfigurationPlatforms) = postSolution
		{CCA86D3A-C099-4E85-8127-DD1C4015AF2E}.Debug|Any CPU.ActiveCfg = Debug|Any CPU
		{CCA86D3A-C099-4E85-8127-DD1C4015AF2E}.Debug|Any CPU.Build.0 = Debug|Any CPU
		{CCA86D3A-C099-4E85-8127-DD1C4015AF2E}.Release|Any CPU.ActiveCfg = Release|Any CPU
		{CCA86D3A-C099-4E85-8127-DD1C4015AF2E}.Release|Any CPU.Build.0 = Release|Any CPU
	EndGlobalSection
	GlobalSection(SolutionProperties) = preSolution
		HideSolutionNode = FALSE
	EndGlobalSection
	GlobalSection(ExtensibilityGlobals) = postSolution
		SolutionGuid = {31C7335B-887D-428A-819E-E0312B09F5BA}
	EndGlobalSection
EndGlobal
